
Microsoft Visual Studio Solution File, Format Version 12.00
# Visual Studio Version 17
VisualStudioVersion = 17.8.34330.188
MinimumVisualStudioVersion = 10.0.40219.1
Project("{FAE04EC0-301F-11D3-BF4B-00C04F79EFBC}") = "Slider.Android", "Slider.Android\Slider.Android.csproj", "{98C318D2-1B9F-485F-8FCE-4FA92856244C}"
EndProject
Project("{FAE04EC0-301F-11D3-BF4B-00C04F79EFBC}") = "Slider", "Slider\Slider.csproj", "{A6F74DCC-F17A-452F-9462-E6462585939B}"
EndProject
Global
	GlobalSection(SolutionConfigurationPlatforms) = preSolution
		Debug|Any CPU = Debug|Any CPU
		Release|Any CPU = Release|Any CPU
	EndGlobalSection
	GlobalSection(ProjectConfigurationPlatforms) = postSolution
		{98C318D2-1B9F-485F-8FCE-4FA92856244C}.Debug|Any CPU.ActiveCfg = Debug|Any CPU
		{98C318D2-1B9F-485F-8FCE-4FA92856244C}.Debug|Any CPU.Build.0 = Debug|Any CPU
		{98C318D2-1B9F-485F-8FCE-4FA92856244C}.Debug|Any CPU.Deploy.0 = Debug|Any CPU
		{98C318D2-1B9F-485F-8FCE-4FA92856244C}.Release|Any CPU.ActiveCfg = Release|Any CPU
		{98C318D2-1B9F-485F-8FCE-4FA92856244C}.Release|Any CPU.Build.0 = Release|Any CPU
		{98C318D2-1B9F-485F-8FCE-4FA92856244C}.Release|Any CPU.Deploy.0 = Release|Any CPU
		{A6F74DCC-F17A-452F-9462-E6462585939B}.Debug|Any CPU.ActiveCfg = Debug|Any CPU
		{A6F74DCC-F17A-452F-9462-E6462585939B}.Debug|Any CPU.Build.0 = Debug|Any CPU
		{A6F74DCC-F17A-452F-9462-E6462585939B}.Debug|Any CPU.Deploy.0 = Debug|Any CPU
		{A6F74DCC-F17A-452F-9462-E6462585939B}.Release|Any CPU.ActiveCfg = Release|Any CPU
		{A6F74DCC-F17A-452F-9462-E6462585939B}.Release|Any CPU.Build.0 = Release|Any CPU
		{A6F74DCC-F17A-452F-9462-E6462585939B}.Release|Any CPU.Deploy.0 = Release|Any CPU
	EndGlobalSection
	GlobalSection(SolutionProperties) = preSolution
		HideSolutionNode = FALSE
	EndGlobalSection
	GlobalSection(ExtensibilityGlobals) = postSolution
		SolutionGuid = {0BBEEA93-6948-480F-B2CC-9B464F593EDB}
	EndGlobalSection
EndGlobal
